<?xml version="1.0" encoding="utf-8"?>
<Project ToolsVersion="4.0" xmlns="http://schemas.microsoft.com/developer/msbuild/2003">
  <ItemGroup>
    <Filter Include="Source Files">
      <UniqueIdentifier>{4FC737F1-C7A5-4376-A066-2A32D752A2FF}</UniqueIdentifier>
      <Extensions>cpp;c;cc;cxx;def;odl;idl;hpj;bat;asm;asmx</Extensions>
    </Filter>
    <Filter Include="Header Files">
      <UniqueIdentifier>{93995380-89BD-4b04-88EB-625FBE52EBFB}</UniqueIdentifier>
      <Extensions>h;hh;hpp;hxx;hm;inl;inc;xsd</Extensions>
    </Filter>
    <Filter Include="Resource Files">
      <UniqueIdentifier>{67DA6AB6-F800-4c08-8B7A-83BB121AAD01}</UniqueIdentifier>
      <Extensions>rc;ico;cur;bmp;dlg;rc2;rct;bin;rgs;gif;jpg;jpeg;jpe;resx;tiff;tif;png;wav;mfcribbon-ms</Extensions>
    </Filter>
  </ItemGroup>
  <ItemGroup>
    <ClCompile Include="Bullet.cpp">
      <Filter>Source Files</Filter>
    </ClCompile>
    <ClCompile Include="Credits.cpp">
      <Filter>Source Files</Filter>
    </ClCompile>
    <ClCompile Include="DoorAndFrame.cpp">
      <Filter>Source Files</Filter>
    </ClCompile>
    <ClCompile Include="DrawMultipleBullet.cpp">
      <Filter>Source Files</Filter>
    </ClCompile>
    <ClCompile Include="DropLines.cpp">
      <Filter>Source Files</Filter>
    </ClCompile>
    <ClCompile Include="GodFathercpp.cpp">
      <Filter>Source Files</Filter>
    </ClCompile>
    <ClCompile Include="GodfatherLogoAPI.cpp">
      <Filter>Source Files</Filter>
    </ClCompile>
    <ClCompile Include="LegoWalk.cpp">
      <Filter>Source Files</Filter>
    </ClCompile>
    <ClCompile Include="LucaBracy.cpp">
      <Filter>Source Files</Filter>
    </ClCompile>
    <ClCompile Include="MachineGun.cpp">
      <Filter>Source Files</Filter>
    </ClCompile>
    <ClCompile Include="main.cpp">
      <Filter>Source Files</Filter>
    </ClCompile>
    <ClCompile Include="MichaelCorleone.cpp">
      <Filter>Source Files</Filter>
    </ClCompile>
    <ClCompile Include="Neo.cpp">
      <Filter>Source Files</Filter>
    </ClCompile>
    <ClCompile Include="Pistol.cpp">
      <Filter>Source Files</Filter>
    </ClCompile>
    <ClCompile Include="Rifle.cpp">
      <Filter>Source Files</Filter>
    </ClCompile>
    <ClCompile Include="Room.cpp">
      <Filter>Source Files</Filter>
    </ClCompile>
    <ClCompile Include="SantinoCharacter.cpp">
      <Filter>Source Files</Filter>
    </ClCompile>
    <ClCompile Include="ShadersBullets.cpp">
      <Filter>Source Files</Filter>
    </ClCompile>
    <ClCompile Include="ShortGun.cpp">
      <Filter>Source Files</Filter>
    </ClCompile>
    <ClCompile Include="Util.cpp">
      <Filter>Source Files</Filter>
    </ClCompile>
  </ItemGroup>
  <ItemGroup>
    <ClInclude Include="Bullet.h">
      <Filter>Source Files</Filter>
    </ClInclude>
    <ClInclude Include="Clock.h">
      <Filter>Source Files</Filter>
    </ClInclude>
    <ClInclude Include="Credits.h">
      <Filter>Source Files</Filter>
    </ClInclude>
    <ClInclude Include="DoorHeader.h">
      <Filter>Source Files</Filter>
    </ClInclude>
    <ClInclude Include="DrawMultipleBullet.h">
      <Filter>Source Files</Filter>
    </ClInclude>
    <ClInclude Include="DropLines.h">
      <Filter>Source Files</Filter>
    </ClInclude>
    <ClInclude Include="GodFather.h">
      <Filter>Source Files</Filter>
    </ClInclude>
    <ClInclude Include="LegoWalk.h">
      <Filter>Source Files</Filter>
    </ClInclude>
    <ClInclude Include="logo.h">
      <Filter>Source Files</Filter>
    </ClInclude>
    <ClInclude Include="LucaBracy.h">
      <Filter>Source Files</Filter>
    </ClInclude>
    <ClInclude Include="MachineGun.h">
      <Filter>Source Files</Filter>
    </ClInclude>
    <ClInclude Include="Main.h">
      <Filter>Source Files</Filter>
    </ClInclude>
    <ClInclude Include="Main_auxiliary_variable.h">
      <Filter>Source Files</Filter>
    </ClInclude>
    <ClInclude Include="Main_Room.h">
      <Filter>Source Files</Filter>
    </ClInclude>
    <ClInclude Include="Matrix.h">
      <Filter>Source Files</Filter>
    </ClInclude>
    <ClInclude Include="MichaelCorleone.h">
      <Filter>Source Files</Filter>
    </ClInclude>
    <ClInclude Include="Neo.h">
      <Filter>Source Files</Filter>
    </ClInclude>
    <ClInclude Include="Pistol.h">
      <Filter>Source Files</Filter>
    </ClInclude>
    <ClInclude Include="Rifle.h">
      <Filter>Source Files</Filter>
    </ClInclude>
    <ClInclude Include="Room.h">
      <Filter>Source Files</Filter>
    </ClInclude>
    <ClInclude Include="SantinoCharacter.h">
      <Filter>Source Files</Filter>
    </ClInclude>
    <ClInclude Include="ShadersBullets.h">
      <Filter>Source Files</Filter>
    </ClInclude>
    <ClInclude Include="ShortGun.h">
      <Filter>Source Files</Filter>
    </ClInclude>
    <ClInclude Include="Util.h">
      <Filter>Source Files</Filter>
    </ClInclude>
  </ItemGroup>
  <ItemGroup>
    <ResourceCompile Include="Main.rc">
      <Filter>Resource Files</Filter>
    </ResourceCompile>
  </ItemGroup>
  <ItemGroup>
    <Image Include="Smiley.bmp">
      <Filter>Resource Files</Filter>
    </Image>
    <Image Include="Vijay_Kundali.bmp">
      <Filter>Resource Files</Filter>
    </Image>
    <Image Include="Stone.bmp">
      <Filter>Resource Files</Filter>
    </Image>
    <Image Include="luca.bmp">
      <Filter>Resource Files</Filter>
    </Image>
    <Image Include="michael.bmp">
      <Filter>Resource Files</Filter>
    </Image>
    <Image Include="santino.bmp">
      <Filter>Resource Files</Filter>
    </Image>
    <Image Include="vito.bmp">
      <Filter>Resource Files</Filter>
    </Image>
  </ItemGroup>
</Project>